
Microsoft Visual Studio Solution File, Format Version 12.00
# Visual Studio Version 17
VisualStudioVersion = 17.11.35208.52
MinimumVisualStudioVersion = 10.0.40219.1
Project("{FAE04EC0-301F-11D3-BF4B-00C04F79EFBC}") = "StoreShoes", "StoreShoes\StoreShoes.csproj", "{8FB8D964-A6AF-4F05-961E-90E0533D234B}"
EndProject
Project("{FAE04EC0-301F-11D3-BF4B-00C04F79EFBC}") = "ShoesApp", "ShoesApp\ShoesApp.csproj", "{5D26B855-1B06-4BA8-AA55-09094B6D56EB}"
EndProject
Global
	GlobalSection(SolutionConfigurationPlatforms) = preSolution
		Debug|Any CPU = Debug|Any CPU
		Release|Any CPU = Release|Any CPU
	EndGlobalSection
	GlobalSection(ProjectConfigurationPlatforms) = postSolution
		{8FB8D964-A6AF-4F05-961E-90E0533D234B}.Debug|Any CPU.ActiveCfg = Debug|Any CPU
		{8FB8D964-A6AF-4F05-961E-90E0533D234B}.Debug|Any CPU.Build.0 = Debug|Any CPU
		{8FB8D964-A6AF-4F05-961E-90E0533D234B}.Release|Any CPU.ActiveCfg = Release|Any CPU
		{8FB8D964-A6AF-4F05-961E-90E0533D234B}.Release|Any CPU.Build.0 = Release|Any CPU
		{5D26B855-1B06-4BA8-AA55-09094B6D56EB}.Debug|Any CPU.ActiveCfg = Debug|Any CPU
		{5D26B855-1B06-4BA8-AA55-09094B6D56EB}.Debug|Any CPU.Build.0 = Debug|Any CPU
		{5D26B855-1B06-4BA8-AA55-09094B6D56EB}.Release|Any CPU.ActiveCfg = Release|Any CPU
		{5D26B855-1B06-4BA8-AA55-09094B6D56EB}.Release|Any CPU.Build.0 = Release|Any CPU
	EndGlobalSection
	GlobalSection(SolutionProperties) = preSolution
		HideSolutionNode = FALSE
	EndGlobalSection
	GlobalSection(ExtensibilityGlobals) = postSolution
		SolutionGuid = {6F7DBE44-1259-4C15-BE4B-BE45FF016924}
	EndGlobalSection
EndGlobal
